
Microsoft Visual Studio Solution File, Format Version 12.00
# Visual Studio Version 17
VisualStudioVersion = 17.0.31710.8
MinimumVisualStudioVersion = 10.0.40219.1
Project("{778DAE3C-4631-46EA-AA77-85C1314464D9}") = "Profiler.NET6", "Profiler\Profiler.NET6.vbproj", "{336AFDE3-77E3-4E15-A03A-6531298E0B61}"
EndProject
Project("{778DAE3C-4631-46EA-AA77-85C1314464D9}") = "linux-profiler", "cli\linux-profiler.vbproj", "{F06E7B8F-63FF-49B9-8EF2-DCA0323586DB}"
EndProject
Project("{2150E333-8FDC-42A3-9474-1A3956D46DE8}") = "modules", "modules", "{D462C44F-7818-4E18-8DE1-6D2DDD38AE23}"
EndProject
Project("{2150E333-8FDC-42A3-9474-1A3956D46DE8}") = "report", "report", "{45581149-A828-4407-A032-8ED4F1665280}"
EndProject
Project("{778DAE3C-4631-46EA-AA77-85C1314464D9}") = "signalprocessing-netcore5", "..\GCModeller\src\runtime\sciBASIC#\Data_science\Mathematica\SignalProcessing\SignalProcessing\signalprocessing-netcore5.vbproj", "{5DB96BF5-CEF0-43DA-A0A3-7EA26E124F4B}"
EndProject
Project("{778DAE3C-4631-46EA-AA77-85C1314464D9}") = "Rsharp-netcore5", "..\GCModeller\src\R-sharp\R#\Rsharp-netcore5.vbproj", "{AF425AF7-FE9C-48EA-BA2D-A586C914137F}"
EndProject
Project("{778DAE3C-4631-46EA-AA77-85C1314464D9}") = "html_netcore5", "..\GCModeller\src\runtime\sciBASIC#\mime\text%html\html_netcore5.vbproj", "{C56D50B7-C108-4501-9952-79D53CBEB109}"
EndProject
Project("{778DAE3C-4631-46EA-AA77-85C1314464D9}") = "highcharts.js-netcore5", "..\GCModeller\src\workbench\markdown2pdf\JavaScript\highcharts.js\highcharts.js-netcore5.vbproj", "{3423C268-1BA6-4809-922E-82EE66A21C18}"
EndProject
Project("{778DAE3C-4631-46EA-AA77-85C1314464D9}") = "jsTree-netcore5", "..\GCModeller\src\workbench\markdown2pdf\JavaScript\jsTree\jsTree-netcore5.vbproj", "{591A99EE-9482-40BF-BD4C-77DAF654A68F}"
EndProject
Project("{778DAE3C-4631-46EA-AA77-85C1314464D9}") = "reportBuilder-netcore5", "..\GCModeller\src\workbench\markdown2pdf\ReportBuilder\reportBuilder-netcore5.vbproj", "{AF16A6DD-A9DA-4108-9436-0EAFD8EB27D5}"
EndProject
Project("{778DAE3C-4631-46EA-AA77-85C1314464D9}") = "dataframework-netcore5", "..\GCModeller\src\runtime\sciBASIC#\Data\DataFrame\dataframework-netcore5.vbproj", "{05572FE0-4F51-4FCD-8034-2EB9C0E51566}"
EndProject
Project("{778DAE3C-4631-46EA-AA77-85C1314464D9}") = "Math.NET5", "..\GCModeller\src\runtime\sciBASIC#\Data_science\Mathematica\Math\Math\Math.NET5.vbproj", "{CE218A7C-261E-4414-8426-13371A362977}"
EndProject
Project("{778DAE3C-4631-46EA-AA77-85C1314464D9}") = "imaging.NET5", "..\GCModeller\src\runtime\sciBASIC#\gr\Microsoft.VisualBasic.Imaging\imaging.NET5.vbproj", "{02C53945-3446-496B-BEB7-F6C95AA2AB36}"
EndProject
Project("{778DAE3C-4631-46EA-AA77-85C1314464D9}") = "Core", "..\..\GCModeller\src\runtime\sciBASIC#\Microsoft.VisualBasic.Core\src\Core.vbproj", "{D736B1B8-2820-40FE-9CE2-BF1F7299056B}"
EndProject
Global
	GlobalSection(SolutionConfigurationPlatforms) = preSolution
		Debug|Any CPU = Debug|Any CPU
		Debug|x64 = Debug|x64
		gcmodeller_desktop|Any CPU = gcmodeller_desktop|Any CPU
		gcmodeller_desktop|x64 = gcmodeller_desktop|x64
		LipidSearch|Any CPU = LipidSearch|Any CPU
		LipidSearch|x64 = LipidSearch|x64
		mzkit_win32|Any CPU = mzkit_win32|Any CPU
		mzkit_win32|x64 = mzkit_win32|x64
		mzkit|Any CPU = mzkit|Any CPU
		mzkit|x64 = mzkit|x64
		NPSearch|Any CPU = NPSearch|Any CPU
		NPSearch|x64 = NPSearch|x64
		PlantMAT|Any CPU = PlantMAT|Any CPU
		PlantMAT|x64 = PlantMAT|x64
		Release|Any CPU = Release|Any CPU
		Release|x64 = Release|x64
		Rsharp_app_release|Any CPU = Rsharp_app_release|Any CPU
		Rsharp_app_release|x64 = Rsharp_app_release|x64
	EndGlobalSection
	GlobalSection(ProjectConfigurationPlatforms) = postSolution
		{336AFDE3-77E3-4E15-A03A-6531298E0B61}.Debug|Any CPU.ActiveCfg = Debug|Any CPU
		{336AFDE3-77E3-4E15-A03A-6531298E0B61}.Debug|Any CPU.Build.0 = Debug|Any CPU
		{336AFDE3-77E3-4E15-A03A-6531298E0B61}.Debug|x64.ActiveCfg = Debug|x64
		{336AFDE3-77E3-4E15-A03A-6531298E0B61}.Debug|x64.Build.0 = Debug|x64
		{336AFDE3-77E3-4E15-A03A-6531298E0B61}.gcmodeller_desktop|Any CPU.ActiveCfg = Release|Any CPU
		{336AFDE3-77E3-4E15-A03A-6531298E0B61}.gcmodeller_desktop|Any CPU.Build.0 = Release|Any CPU
		{336AFDE3-77E3-4E15-A03A-6531298E0B61}.gcmodeller_desktop|x64.ActiveCfg = Release|x64
		{336AFDE3-77E3-4E15-A03A-6531298E0B61}.gcmodeller_desktop|x64.Build.0 = Release|x64
		{336AFDE3-77E3-4E15-A03A-6531298E0B61}.LipidSearch|Any CPU.ActiveCfg = Debug|Any CPU
		{336AFDE3-77E3-4E15-A03A-6531298E0B61}.LipidSearch|Any CPU.Build.0 = Debug|Any CPU
		{336AFDE3-77E3-4E15-A03A-6531298E0B61}.LipidSearch|x64.ActiveCfg = Debug|Any CPU
		{336AFDE3-77E3-4E15-A03A-6531298E0B61}.LipidSearch|x64.Build.0 = Debug|Any CPU
		{336AFDE3-77E3-4E15-A03A-6531298E0B61}.mzkit_win32|Any CPU.ActiveCfg = Release|Any CPU
		{336AFDE3-77E3-4E15-A03A-6531298E0B61}.mzkit_win32|Any CPU.Build.0 = Release|Any CPU
		{336AFDE3-77E3-4E15-A03A-6531298E0B61}.mzkit_win32|x64.ActiveCfg = Release|x64
		{336AFDE3-77E3-4E15-A03A-6531298E0B61}.mzkit_win32|x64.Build.0 = Release|x64
		{336AFDE3-77E3-4E15-A03A-6531298E0B61}.mzkit|Any CPU.ActiveCfg = Release|Any CPU
		{336AFDE3-77E3-4E15-A03A-6531298E0B61}.mzkit|Any CPU.Build.0 = Release|Any CPU
		{336AFDE3-77E3-4E15-A03A-6531298E0B61}.mzkit|x64.ActiveCfg = Release|x64
		{336AFDE3-77E3-4E15-A03A-6531298E0B61}.mzkit|x64.Build.0 = Release|x64
		{336AFDE3-77E3-4E15-A03A-6531298E0B61}.NPSearch|Any CPU.ActiveCfg = Release|Any CPU
		{336AFDE3-77E3-4E15-A03A-6531298E0B61}.NPSearch|Any CPU.Build.0 = Release|Any CPU
		{336AFDE3-77E3-4E15-A03A-6531298E0B61}.NPSearch|x64.ActiveCfg = Release|x64
		{336AFDE3-77E3-4E15-A03A-6531298E0B61}.NPSearch|x64.Build.0 = Release|x64
		{336AFDE3-77E3-4E15-A03A-6531298E0B61}.PlantMAT|Any CPU.ActiveCfg = Release|Any CPU
		{336AFDE3-77E3-4E15-A03A-6531298E0B61}.PlantMAT|Any CPU.Build.0 = Release|Any CPU
		{336AFDE3-77E3-4E15-A03A-6531298E0B61}.PlantMAT|x64.ActiveCfg = Release|x64
		{336AFDE3-77E3-4E15-A03A-6531298E0B61}.PlantMAT|x64.Build.0 = Release|x64
		{336AFDE3-77E3-4E15-A03A-6531298E0B61}.Release|Any CPU.ActiveCfg = Release|Any CPU
		{336AFDE3-77E3-4E15-A03A-6531298E0B61}.Release|Any CPU.Build.0 = Release|Any CPU
		{336AFDE3-77E3-4E15-A03A-6531298E0B61}.Release|x64.ActiveCfg = Release|x64
		{336AFDE3-77E3-4E15-A03A-6531298E0B61}.Release|x64.Build.0 = Release|x64
		{336AFDE3-77E3-4E15-A03A-6531298E0B61}.Rsharp_app_release|Any CPU.ActiveCfg = Release|Any CPU
		{336AFDE3-77E3-4E15-A03A-6531298E0B61}.Rsharp_app_release|Any CPU.Build.0 = Release|Any CPU
		{336AFDE3-77E3-4E15-A03A-6531298E0B61}.Rsharp_app_release|x64.ActiveCfg = Release|x64
		{336AFDE3-77E3-4E15-A03A-6531298E0B61}.Rsharp_app_release|x64.Build.0 = Release|x64
		{F06E7B8F-63FF-49B9-8EF2-DCA0323586DB}.Debug|Any CPU.ActiveCfg = Debug|Any CPU
		{F06E7B8F-63FF-49B9-8EF2-DCA0323586DB}.Debug|Any CPU.Build.0 = Debug|Any CPU
		{F06E7B8F-63FF-49B9-8EF2-DCA0323586DB}.Debug|x64.ActiveCfg = Debug|x64
		{F06E7B8F-63FF-49B9-8EF2-DCA0323586DB}.Debug|x64.Build.0 = Debug|x64
		{F06E7B8F-63FF-49B9-8EF2-DCA0323586DB}.gcmodeller_desktop|Any CPU.ActiveCfg = Release|Any CPU
		{F06E7B8F-63FF-49B9-8EF2-DCA0323586DB}.gcmodeller_desktop|Any CPU.Build.0 = Release|Any CPU
		{F06E7B8F-63FF-49B9-8EF2-DCA0323586DB}.gcmodeller_desktop|x64.ActiveCfg = Release|x64
		{F06E7B8F-63FF-49B9-8EF2-DCA0323586DB}.gcmodeller_desktop|x64.Build.0 = Release|x64
		{F06E7B8F-63FF-49B9-8EF2-DCA0323586DB}.LipidSearch|Any CPU.ActiveCfg = Debug|Any CPU
		{F06E7B8F-63FF-49B9-8EF2-DCA0323586DB}.LipidSearch|Any CPU.Build.0 = Debug|Any CPU
		{F06E7B8F-63FF-49B9-8EF2-DCA0323586DB}.LipidSearch|x64.ActiveCfg = Debug|Any CPU
		{F06E7B8F-63FF-49B9-8EF2-DCA0323586DB}.LipidSearch|x64.Build.0 = Debug|Any CPU
		{F06E7B8F-63FF-49B9-8EF2-DCA0323586DB}.mzkit_win32|Any CPU.ActiveCfg = Release|Any CPU
		{F06E7B8F-63FF-49B9-8EF2-DCA0323586DB}.mzkit_win32|Any CPU.Build.0 = Release|Any CPU
		{F06E7B8F-63FF-49B9-8EF2-DCA0323586DB}.mzkit_win32|x64.ActiveCfg = Release|x64
		{F06E7B8F-63FF-49B9-8EF2-DCA0323586DB}.mzkit_win32|x64.Build.0 = Release|x64
		{F06E7B8F-63FF-49B9-8EF2-DCA0323586DB}.mzkit|Any CPU.ActiveCfg = Release|Any CPU
		{F06E7B8F-63FF-49B9-8EF2-DCA0323586DB}.mzkit|Any CPU.Build.0 = Release|Any CPU
		{F06E7B8F-63FF-49B9-8EF2-DCA0323586DB}.mzkit|x64.ActiveCfg = Release|x64
		{F06E7B8F-63FF-49B9-8EF2-DCA0323586DB}.mzkit|x64.Build.0 = Release|x64
		{F06E7B8F-63FF-49B9-8EF2-DCA0323586DB}.NPSearch|Any CPU.ActiveCfg = Release|Any CPU
		{F06E7B8F-63FF-49B9-8EF2-DCA0323586DB}.NPSearch|Any CPU.Build.0 = Release|Any CPU
		{F06E7B8F-63FF-49B9-8EF2-DCA0323586DB}.NPSearch|x64.ActiveCfg = Release|x64
		{F06E7B8F-63FF-49B9-8EF2-DCA0323586DB}.NPSearch|x64.Build.0 = Release|x64
		{F06E7B8F-63FF-49B9-8EF2-DCA0323586DB}.PlantMAT|Any CPU.ActiveCfg = Release|Any CPU
		{F06E7B8F-63FF-49B9-8EF2-DCA0323586DB}.PlantMAT|Any CPU.Build.0 = Release|Any CPU
		{F06E7B8F-63FF-49B9-8EF2-DCA0323586DB}.PlantMAT|x64.ActiveCfg = Release|x64
		{F06E7B8F-63FF-49B9-8EF2-DCA0323586DB}.PlantMAT|x64.Build.0 = Release|x64
		{F06E7B8F-63FF-49B9-8EF2-DCA0323586DB}.Release|Any CPU.ActiveCfg = Release|Any CPU
		{F06E7B8F-63FF-49B9-8EF2-DCA0323586DB}.Release|Any CPU.Build.0 = Release|Any CPU
		{F06E7B8F-63FF-49B9-8EF2-DCA0323586DB}.Release|x64.ActiveCfg = Release|x64
		{F06E7B8F-63FF-49B9-8EF2-DCA0323586DB}.Release|x64.Build.0 = Release|x64
		{F06E7B8F-63FF-49B9-8EF2-DCA0323586DB}.Rsharp_app_release|Any CPU.ActiveCfg = Release|Any CPU
		{F06E7B8F-63FF-49B9-8EF2-DCA0323586DB}.Rsharp_app_release|Any CPU.Build.0 = Release|Any CPU
		{F06E7B8F-63FF-49B9-8EF2-DCA0323586DB}.Rsharp_app_release|x64.ActiveCfg = Release|x64
		{F06E7B8F-63FF-49B9-8EF2-DCA0323586DB}.Rsharp_app_release|x64.Build.0 = Release|x64
		{5DB96BF5-CEF0-43DA-A0A3-7EA26E124F4B}.Debug|Any CPU.ActiveCfg = Debug|Any CPU
		{5DB96BF5-CEF0-43DA-A0A3-7EA26E124F4B}.Debug|Any CPU.Build.0 = Debug|Any CPU
		{5DB96BF5-CEF0-43DA-A0A3-7EA26E124F4B}.Debug|x64.ActiveCfg = Debug|x64
		{5DB96BF5-CEF0-43DA-A0A3-7EA26E124F4B}.Debug|x64.Build.0 = Debug|x64
		{5DB96BF5-CEF0-43DA-A0A3-7EA26E124F4B}.gcmodeller_desktop|Any CPU.ActiveCfg = Release|Any CPU
		{5DB96BF5-CEF0-43DA-A0A3-7EA26E124F4B}.gcmodeller_desktop|x64.ActiveCfg = Release|x64
		{5DB96BF5-CEF0-43DA-A0A3-7EA26E124F4B}.LipidSearch|Any CPU.ActiveCfg = LipidSearch|Any CPU
		{5DB96BF5-CEF0-43DA-A0A3-7EA26E124F4B}.LipidSearch|Any CPU.Build.0 = LipidSearch|Any CPU
		{5DB96BF5-CEF0-43DA-A0A3-7EA26E124F4B}.LipidSearch|x64.ActiveCfg = LipidSearch|x64
		{5DB96BF5-CEF0-43DA-A0A3-7EA26E124F4B}.LipidSearch|x64.Build.0 = LipidSearch|x64
		{5DB96BF5-CEF0-43DA-A0A3-7EA26E124F4B}.mzkit_win32|Any CPU.ActiveCfg = mzkit|Any CPU
		{5DB96BF5-CEF0-43DA-A0A3-7EA26E124F4B}.mzkit_win32|x64.ActiveCfg = mzkit|x64
		{5DB96BF5-CEF0-43DA-A0A3-7EA26E124F4B}.mzkit|Any CPU.ActiveCfg = mzkit|Any CPU
		{5DB96BF5-CEF0-43DA-A0A3-7EA26E124F4B}.mzkit|Any CPU.Build.0 = mzkit|Any CPU
		{5DB96BF5-CEF0-43DA-A0A3-7EA26E124F4B}.mzkit|x64.ActiveCfg = mzkit|x64
		{5DB96BF5-CEF0-43DA-A0A3-7EA26E124F4B}.mzkit|x64.Build.0 = mzkit|x64
		{5DB96BF5-CEF0-43DA-A0A3-7EA26E124F4B}.NPSearch|Any CPU.ActiveCfg = NPSearch|Any CPU
		{5DB96BF5-CEF0-43DA-A0A3-7EA26E124F4B}.NPSearch|Any CPU.Build.0 = NPSearch|Any CPU
		{5DB96BF5-CEF0-43DA-A0A3-7EA26E124F4B}.NPSearch|x64.ActiveCfg = NPSearch|x64
		{5DB96BF5-CEF0-43DA-A0A3-7EA26E124F4B}.NPSearch|x64.Build.0 = NPSearch|x64
		{5DB96BF5-CEF0-43DA-A0A3-7EA26E124F4B}.PlantMAT|Any CPU.ActiveCfg = PlantMAT|Any CPU
		{5DB96BF5-CEF0-43DA-A0A3-7EA26E124F4B}.PlantMAT|Any CPU.Build.0 = PlantMAT|Any CPU
		{5DB96BF5-CEF0-43DA-A0A3-7EA26E124F4B}.PlantMAT|x64.ActiveCfg = PlantMAT|x64
		{5DB96BF5-CEF0-43DA-A0A3-7EA26E124F4B}.PlantMAT|x64.Build.0 = PlantMAT|x64
		{5DB96BF5-CEF0-43DA-A0A3-7EA26E124F4B}.Release|Any CPU.ActiveCfg = Release|Any CPU
		{5DB96BF5-CEF0-43DA-A0A3-7EA26E124F4B}.Release|Any CPU.Build.0 = Release|Any CPU
		{5DB96BF5-CEF0-43DA-A0A3-7EA26E124F4B}.Release|x64.ActiveCfg = Release|x64
		{5DB96BF5-CEF0-43DA-A0A3-7EA26E124F4B}.Release|x64.Build.0 = Release|x64
		{5DB96BF5-CEF0-43DA-A0A3-7EA26E124F4B}.Rsharp_app_release|Any CPU.ActiveCfg = Release|Any CPU
		{5DB96BF5-CEF0-43DA-A0A3-7EA26E124F4B}.Rsharp_app_release|Any CPU.Build.0 = Release|Any CPU
		{5DB96BF5-CEF0-43DA-A0A3-7EA26E124F4B}.Rsharp_app_release|x64.ActiveCfg = Release|x64
		{5DB96BF5-CEF0-43DA-A0A3-7EA26E124F4B}.Rsharp_app_release|x64.Build.0 = Release|x64
		{AF425AF7-FE9C-48EA-BA2D-A586C914137F}.Debug|Any CPU.ActiveCfg = Debug|Any CPU
		{AF425AF7-FE9C-48EA-BA2D-A586C914137F}.Debug|Any CPU.Build.0 = Debug|Any CPU
		{AF425AF7-FE9C-48EA-BA2D-A586C914137F}.Debug|x64.ActiveCfg = Debug|x64
		{AF425AF7-FE9C-48EA-BA2D-A586C914137F}.Debug|x64.Build.0 = Debug|x64
		{AF425AF7-FE9C-48EA-BA2D-A586C914137F}.gcmodeller_desktop|Any CPU.ActiveCfg = Rsharp_app_release|Any CPU
		{AF425AF7-FE9C-48EA-BA2D-A586C914137F}.gcmodeller_desktop|x64.ActiveCfg = Rsharp_app_release|x64
		{AF425AF7-FE9C-48EA-BA2D-A586C914137F}.LipidSearch|Any CPU.ActiveCfg = LipidSearch|Any CPU
		{AF425AF7-FE9C-48EA-BA2D-A586C914137F}.LipidSearch|Any CPU.Build.0 = LipidSearch|Any CPU
		{AF425AF7-FE9C-48EA-BA2D-A586C914137F}.LipidSearch|x64.ActiveCfg = LipidSearch|x64
		{AF425AF7-FE9C-48EA-BA2D-A586C914137F}.LipidSearch|x64.Build.0 = LipidSearch|x64
		{AF425AF7-FE9C-48EA-BA2D-A586C914137F}.mzkit_win32|Any CPU.ActiveCfg = mzkit|Any CPU
		{AF425AF7-FE9C-48EA-BA2D-A586C914137F}.mzkit_win32|x64.ActiveCfg = mzkit|x64
		{AF425AF7-FE9C-48EA-BA2D-A586C914137F}.mzkit|Any CPU.ActiveCfg = mzkit|Any CPU
		{AF425AF7-FE9C-48EA-BA2D-A586C914137F}.mzkit|Any CPU.Build.0 = mzkit|Any CPU
		{AF425AF7-FE9C-48EA-BA2D-A586C914137F}.mzkit|x64.ActiveCfg = mzkit|x64
		{AF425AF7-FE9C-48EA-BA2D-A586C914137F}.mzkit|x64.Build.0 = mzkit|x64
		{AF425AF7-FE9C-48EA-BA2D-A586C914137F}.NPSearch|Any CPU.ActiveCfg = NPSearch|Any CPU
		{AF425AF7-FE9C-48EA-BA2D-A586C914137F}.NPSearch|Any CPU.Build.0 = NPSearch|Any CPU
		{AF425AF7-FE9C-48EA-BA2D-A586C914137F}.NPSearch|x64.ActiveCfg = NPSearch|x64
		{AF425AF7-FE9C-48EA-BA2D-A586C914137F}.NPSearch|x64.Build.0 = NPSearch|x64
		{AF425AF7-FE9C-48EA-BA2D-A586C914137F}.PlantMAT|Any CPU.ActiveCfg = PlantMAT|Any CPU
		{AF425AF7-FE9C-48EA-BA2D-A586C914137F}.PlantMAT|Any CPU.Build.0 = PlantMAT|Any CPU
		{AF425AF7-FE9C-48EA-BA2D-A586C914137F}.PlantMAT|x64.ActiveCfg = PlantMAT|x64
		{AF425AF7-FE9C-48EA-BA2D-A586C914137F}.PlantMAT|x64.Build.0 = PlantMAT|x64
		{AF425AF7-FE9C-48EA-BA2D-A586C914137F}.Release|Any CPU.ActiveCfg = Release|Any CPU
		{AF425AF7-FE9C-48EA-BA2D-A586C914137F}.Release|Any CPU.Build.0 = Release|Any CPU
		{AF425AF7-FE9C-48EA-BA2D-A586C914137F}.Release|x64.ActiveCfg = Release|x64
		{AF425AF7-FE9C-48EA-BA2D-A586C914137F}.Release|x64.Build.0 = Release|x64
		{AF425AF7-FE9C-48EA-BA2D-A586C914137F}.Rsharp_app_release|Any CPU.ActiveCfg = Rsharp_app_release|Any CPU
		{AF425AF7-FE9C-48EA-BA2D-A586C914137F}.Rsharp_app_release|Any CPU.Build.0 = Rsharp_app_release|Any CPU
		{AF425AF7-FE9C-48EA-BA2D-A586C914137F}.Rsharp_app_release|x64.ActiveCfg = Rsharp_app_release|x64
		{AF425AF7-FE9C-48EA-BA2D-A586C914137F}.Rsharp_app_release|x64.Build.0 = Rsharp_app_release|x64
		{C56D50B7-C108-4501-9952-79D53CBEB109}.Debug|Any CPU.ActiveCfg = Debug|Any CPU
		{C56D50B7-C108-4501-9952-79D53CBEB109}.Debug|Any CPU.Build.0 = Debug|Any CPU
		{C56D50B7-C108-4501-9952-79D53CBEB109}.Debug|x64.ActiveCfg = Debug|x64
		{C56D50B7-C108-4501-9952-79D53CBEB109}.Debug|x64.Build.0 = Debug|x64
		{C56D50B7-C108-4501-9952-79D53CBEB109}.gcmodeller_desktop|Any CPU.ActiveCfg = Rsharp_app_release|Any CPU
		{C56D50B7-C108-4501-9952-79D53CBEB109}.gcmodeller_desktop|x64.ActiveCfg = Rsharp_app_release|x64
		{C56D50B7-C108-4501-9952-79D53CBEB109}.LipidSearch|Any CPU.ActiveCfg = LipidSearch|Any CPU
		{C56D50B7-C108-4501-9952-79D53CBEB109}.LipidSearch|Any CPU.Build.0 = LipidSearch|Any CPU
		{C56D50B7-C108-4501-9952-79D53CBEB109}.LipidSearch|x64.ActiveCfg = LipidSearch|x64
		{C56D50B7-C108-4501-9952-79D53CBEB109}.LipidSearch|x64.Build.0 = LipidSearch|x64
		{C56D50B7-C108-4501-9952-79D53CBEB109}.mzkit_win32|Any CPU.ActiveCfg = mzkit|Any CPU
		{C56D50B7-C108-4501-9952-79D53CBEB109}.mzkit_win32|x64.ActiveCfg = mzkit|x64
		{C56D50B7-C108-4501-9952-79D53CBEB109}.mzkit|Any CPU.ActiveCfg = mzkit|Any CPU
		{C56D50B7-C108-4501-9952-79D53CBEB109}.mzkit|Any CPU.Build.0 = mzkit|Any CPU
		{C56D50B7-C108-4501-9952-79D53CBEB109}.mzkit|x64.ActiveCfg = mzkit|x64
		{C56D50B7-C108-4501-9952-79D53CBEB109}.mzkit|x64.Build.0 = mzkit|x64
		{C56D50B7-C108-4501-9952-79D53CBEB109}.NPSearch|Any CPU.ActiveCfg = NPSearch|Any CPU
		{C56D50B7-C108-4501-9952-79D53CBEB109}.NPSearch|Any CPU.Build.0 = NPSearch|Any CPU
		{C56D50B7-C108-4501-9952-79D53CBEB109}.NPSearch|x64.ActiveCfg = NPSearch|x64
		{C56D50B7-C108-4501-9952-79D53CBEB109}.NPSearch|x64.Build.0 = NPSearch|x64
		{C56D50B7-C108-4501-9952-79D53CBEB109}.PlantMAT|Any CPU.ActiveCfg = mzkit|Any CPU
		{C56D50B7-C108-4501-9952-79D53CBEB109}.PlantMAT|Any CPU.Build.0 = mzkit|Any CPU
		{C56D50B7-C108-4501-9952-79D53CBEB109}.PlantMAT|x64.ActiveCfg = mzkit|x64
		{C56D50B7-C108-4501-9952-79D53CBEB109}.PlantMAT|x64.Build.0 = mzkit|x64
		{C56D50B7-C108-4501-9952-79D53CBEB109}.Release|Any CPU.ActiveCfg = Release|Any CPU
		{C56D50B7-C108-4501-9952-79D53CBEB109}.Release|Any CPU.Build.0 = Release|Any CPU
		{C56D50B7-C108-4501-9952-79D53CBEB109}.Release|x64.ActiveCfg = Release|x64
		{C56D50B7-C108-4501-9952-79D53CBEB109}.Release|x64.Build.0 = Release|x64
		{C56D50B7-C108-4501-9952-79D53CBEB109}.Rsharp_app_release|Any CPU.ActiveCfg = Rsharp_app_release|Any CPU
		{C56D50B7-C108-4501-9952-79D53CBEB109}.Rsharp_app_release|Any CPU.Build.0 = Rsharp_app_release|Any CPU
		{C56D50B7-C108-4501-9952-79D53CBEB109}.Rsharp_app_release|x64.ActiveCfg = Rsharp_app_release|x64
		{C56D50B7-C108-4501-9952-79D53CBEB109}.Rsharp_app_release|x64.Build.0 = Rsharp_app_release|x64
		{3423C268-1BA6-4809-922E-82EE66A21C18}.Debug|Any CPU.ActiveCfg = Debug|Any CPU
		{3423C268-1BA6-4809-922E-82EE66A21C18}.Debug|Any CPU.Build.0 = Debug|Any CPU
		{3423C268-1BA6-4809-922E-82EE66A21C18}.Debug|x64.ActiveCfg = Debug|x64
		{3423C268-1BA6-4809-922E-82EE66A21C18}.Debug|x64.Build.0 = Debug|x64
		{3423C268-1BA6-4809-922E-82EE66A21C18}.gcmodeller_desktop|Any CPU.ActiveCfg = Release|Any CPU
		{3423C268-1BA6-4809-922E-82EE66A21C18}.gcmodeller_desktop|x64.ActiveCfg = Release|x64
		{3423C268-1BA6-4809-922E-82EE66A21C18}.LipidSearch|Any CPU.ActiveCfg = Debug|Any CPU
		{3423C268-1BA6-4809-922E-82EE66A21C18}.LipidSearch|Any CPU.Build.0 = Debug|Any CPU
		{3423C268-1BA6-4809-922E-82EE66A21C18}.LipidSearch|x64.ActiveCfg = Debug|Any CPU
		{3423C268-1BA6-4809-922E-82EE66A21C18}.LipidSearch|x64.Build.0 = Debug|Any CPU
		{3423C268-1BA6-4809-922E-82EE66A21C18}.mzkit_win32|Any CPU.ActiveCfg = Release|Any CPU
		{3423C268-1BA6-4809-922E-82EE66A21C18}.mzkit_win32|x64.ActiveCfg = Release|x64
		{3423C268-1BA6-4809-922E-82EE66A21C18}.mzkit|Any CPU.ActiveCfg = Release|Any CPU
		{3423C268-1BA6-4809-922E-82EE66A21C18}.mzkit|Any CPU.Build.0 = Release|Any CPU
		{3423C268-1BA6-4809-922E-82EE66A21C18}.mzkit|x64.ActiveCfg = Release|x64
		{3423C268-1BA6-4809-922E-82EE66A21C18}.mzkit|x64.Build.0 = Release|x64
		{3423C268-1BA6-4809-922E-82EE66A21C18}.NPSearch|Any CPU.ActiveCfg = Release|Any CPU
		{3423C268-1BA6-4809-922E-82EE66A21C18}.NPSearch|Any CPU.Build.0 = Release|Any CPU
		{3423C268-1BA6-4809-922E-82EE66A21C18}.NPSearch|x64.ActiveCfg = Release|x64
		{3423C268-1BA6-4809-922E-82EE66A21C18}.NPSearch|x64.Build.0 = Release|x64
		{3423C268-1BA6-4809-922E-82EE66A21C18}.PlantMAT|Any CPU.ActiveCfg = Release|Any CPU
		{3423C268-1BA6-4809-922E-82EE66A21C18}.PlantMAT|Any CPU.Build.0 = Release|Any CPU
		{3423C268-1BA6-4809-922E-82EE66A21C18}.PlantMAT|x64.ActiveCfg = Release|x64
		{3423C268-1BA6-4809-922E-82EE66A21C18}.PlantMAT|x64.Build.0 = Release|x64
		{3423C268-1BA6-4809-922E-82EE66A21C18}.Release|Any CPU.ActiveCfg = Release|Any CPU
		{3423C268-1BA6-4809-922E-82EE66A21C18}.Release|Any CPU.Build.0 = Release|Any CPU
		{3423C268-1BA6-4809-922E-82EE66A21C18}.Release|x64.ActiveCfg = Release|x64
		{3423C268-1BA6-4809-922E-82EE66A21C18}.Release|x64.Build.0 = Release|x64
		{3423C268-1BA6-4809-922E-82EE66A21C18}.Rsharp_app_release|Any CPU.ActiveCfg = Release|Any CPU
		{3423C268-1BA6-4809-922E-82EE66A21C18}.Rsharp_app_release|Any CPU.Build.0 = Release|Any CPU
		{3423C268-1BA6-4809-922E-82EE66A21C18}.Rsharp_app_release|x64.ActiveCfg = Release|x64
		{3423C268-1BA6-4809-922E-82EE66A21C18}.Rsharp_app_release|x64.Build.0 = Release|x64
		{591A99EE-9482-40BF-BD4C-77DAF654A68F}.Debug|Any CPU.ActiveCfg = Debug|Any CPU
		{591A99EE-9482-40BF-BD4C-77DAF654A68F}.Debug|Any CPU.Build.0 = Debug|Any CPU
		{591A99EE-9482-40BF-BD4C-77DAF654A68F}.Debug|x64.ActiveCfg = Debug|x64
		{591A99EE-9482-40BF-BD4C-77DAF654A68F}.Debug|x64.Build.0 = Debug|x64
		{591A99EE-9482-40BF-BD4C-77DAF654A68F}.gcmodeller_desktop|Any CPU.ActiveCfg = Release|Any CPU
		{591A99EE-9482-40BF-BD4C-77DAF654A68F}.gcmodeller_desktop|x64.ActiveCfg = Release|x64
		{591A99EE-9482-40BF-BD4C-77DAF654A68F}.LipidSearch|Any CPU.ActiveCfg = Debug|Any CPU
		{591A99EE-9482-40BF-BD4C-77DAF654A68F}.LipidSearch|Any CPU.Build.0 = Debug|Any CPU
		{591A99EE-9482-40BF-BD4C-77DAF654A68F}.LipidSearch|x64.ActiveCfg = Debug|Any CPU
		{591A99EE-9482-40BF-BD4C-77DAF654A68F}.LipidSearch|x64.Build.0 = Debug|Any CPU
		{591A99EE-9482-40BF-BD4C-77DAF654A68F}.mzkit_win32|Any CPU.ActiveCfg = Release|Any CPU
		{591A99EE-9482-40BF-BD4C-77DAF654A68F}.mzkit_win32|x64.ActiveCfg = Release|x64
		{591A99EE-9482-40BF-BD4C-77DAF654A68F}.mzkit|Any CPU.ActiveCfg = Release|Any CPU
		{591A99EE-9482-40BF-BD4C-77DAF654A68F}.mzkit|Any CPU.Build.0 = Release|Any CPU
		{591A99EE-9482-40BF-BD4C-77DAF654A68F}.mzkit|x64.ActiveCfg = Release|x64
		{591A99EE-9482-40BF-BD4C-77DAF654A68F}.mzkit|x64.Build.0 = Release|x64
		{591A99EE-9482-40BF-BD4C-77DAF654A68F}.NPSearch|Any CPU.ActiveCfg = Release|Any CPU
		{591A99EE-9482-40BF-BD4C-77DAF654A68F}.NPSearch|Any CPU.Build.0 = Release|Any CPU
		{591A99EE-9482-40BF-BD4C-77DAF654A68F}.NPSearch|x64.ActiveCfg = Release|x64
		{591A99EE-9482-40BF-BD4C-77DAF654A68F}.NPSearch|x64.Build.0 = Release|x64
		{591A99EE-9482-40BF-BD4C-77DAF654A68F}.PlantMAT|Any CPU.ActiveCfg = Release|Any CPU
		{591A99EE-9482-40BF-BD4C-77DAF654A68F}.PlantMAT|Any CPU.Build.0 = Release|Any CPU
		{591A99EE-9482-40BF-BD4C-77DAF654A68F}.PlantMAT|x64.ActiveCfg = Release|x64
		{591A99EE-9482-40BF-BD4C-77DAF654A68F}.PlantMAT|x64.Build.0 = Release|x64
		{591A99EE-9482-40BF-BD4C-77DAF654A68F}.Release|Any CPU.ActiveCfg = Release|Any CPU
		{591A99EE-9482-40BF-BD4C-77DAF654A68F}.Release|Any CPU.Build.0 = Release|Any CPU
		{591A99EE-9482-40BF-BD4C-77DAF654A68F}.Release|x64.ActiveCfg = Release|x64
		{591A99EE-9482-40BF-BD4C-77DAF654A68F}.Release|x64.Build.0 = Release|x64
		{591A99EE-9482-40BF-BD4C-77DAF654A68F}.Rsharp_app_release|Any CPU.ActiveCfg = Release|Any CPU
		{591A99EE-9482-40BF-BD4C-77DAF654A68F}.Rsharp_app_release|Any CPU.Build.0 = Release|Any CPU
		{591A99EE-9482-40BF-BD4C-77DAF654A68F}.Rsharp_app_release|x64.ActiveCfg = Release|x64
		{591A99EE-9482-40BF-BD4C-77DAF654A68F}.Rsharp_app_release|x64.Build.0 = Release|x64
		{AF16A6DD-A9DA-4108-9436-0EAFD8EB27D5}.Debug|Any CPU.ActiveCfg = Debug|Any CPU
		{AF16A6DD-A9DA-4108-9436-0EAFD8EB27D5}.Debug|Any CPU.Build.0 = Debug|Any CPU
		{AF16A6DD-A9DA-4108-9436-0EAFD8EB27D5}.Debug|x64.ActiveCfg = Debug|x64
		{AF16A6DD-A9DA-4108-9436-0EAFD8EB27D5}.Debug|x64.Build.0 = Debug|x64
		{AF16A6DD-A9DA-4108-9436-0EAFD8EB27D5}.gcmodeller_desktop|Any CPU.ActiveCfg = Release|Any CPU
		{AF16A6DD-A9DA-4108-9436-0EAFD8EB27D5}.gcmodeller_desktop|x64.ActiveCfg = Release|x64
		{AF16A6DD-A9DA-4108-9436-0EAFD8EB27D5}.LipidSearch|Any CPU.ActiveCfg = Debug|Any CPU
		{AF16A6DD-A9DA-4108-9436-0EAFD8EB27D5}.LipidSearch|Any CPU.Build.0 = Debug|Any CPU
		{AF16A6DD-A9DA-4108-9436-0EAFD8EB27D5}.LipidSearch|x64.ActiveCfg = Debug|Any CPU
		{AF16A6DD-A9DA-4108-9436-0EAFD8EB27D5}.LipidSearch|x64.Build.0 = Debug|Any CPU
		{AF16A6DD-A9DA-4108-9436-0EAFD8EB27D5}.mzkit_win32|Any CPU.ActiveCfg = Release|Any CPU
		{AF16A6DD-A9DA-4108-9436-0EAFD8EB27D5}.mzkit_win32|x64.ActiveCfg = Release|x64
		{AF16A6DD-A9DA-4108-9436-0EAFD8EB27D5}.mzkit|Any CPU.ActiveCfg = Release|Any CPU
		{AF16A6DD-A9DA-4108-9436-0EAFD8EB27D5}.mzkit|Any CPU.Build.0 = Release|Any CPU
		{AF16A6DD-A9DA-4108-9436-0EAFD8EB27D5}.mzkit|x64.ActiveCfg = Release|x64
		{AF16A6DD-A9DA-4108-9436-0EAFD8EB27D5}.mzkit|x64.Build.0 = Release|x64
		{AF16A6DD-A9DA-4108-9436-0EAFD8EB27D5}.NPSearch|Any CPU.ActiveCfg = Release|Any CPU
		{AF16A6DD-A9DA-4108-9436-0EAFD8EB27D5}.NPSearch|Any CPU.Build.0 = Release|Any CPU
		{AF16A6DD-A9DA-4108-9436-0EAFD8EB27D5}.NPSearch|x64.ActiveCfg = Release|x64
		{AF16A6DD-A9DA-4108-9436-0EAFD8EB27D5}.NPSearch|x64.Build.0 = Release|x64
		{AF16A6DD-A9DA-4108-9436-0EAFD8EB27D5}.PlantMAT|Any CPU.ActiveCfg = Release|Any CPU
		{AF16A6DD-A9DA-4108-9436-0EAFD8EB27D5}.PlantMAT|Any CPU.Build.0 = Release|Any CPU
		{AF16A6DD-A9DA-4108-9436-0EAFD8EB27D5}.PlantMAT|x64.ActiveCfg = Release|x64
		{AF16A6DD-A9DA-4108-9436-0EAFD8EB27D5}.PlantMAT|x64.Build.0 = Release|x64
		{AF16A6DD-A9DA-4108-9436-0EAFD8EB27D5}.Release|Any CPU.ActiveCfg = Release|Any CPU
		{AF16A6DD-A9DA-4108-9436-0EAFD8EB27D5}.Release|Any CPU.Build.0 = Release|Any CPU
		{AF16A6DD-A9DA-4108-9436-0EAFD8EB27D5}.Release|x64.ActiveCfg = Release|x64
		{AF16A6DD-A9DA-4108-9436-0EAFD8EB27D5}.Release|x64.Build.0 = Release|x64
		{AF16A6DD-A9DA-4108-9436-0EAFD8EB27D5}.Rsharp_app_release|Any CPU.ActiveCfg = Release|Any CPU
		{AF16A6DD-A9DA-4108-9436-0EAFD8EB27D5}.Rsharp_app_release|Any CPU.Build.0 = Release|Any CPU
		{AF16A6DD-A9DA-4108-9436-0EAFD8EB27D5}.Rsharp_app_release|x64.ActiveCfg = Release|x64
		{AF16A6DD-A9DA-4108-9436-0EAFD8EB27D5}.Rsharp_app_release|x64.Build.0 = Release|x64
		{05572FE0-4F51-4FCD-8034-2EB9C0E51566}.Debug|Any CPU.ActiveCfg = Debug|Any CPU
		{05572FE0-4F51-4FCD-8034-2EB9C0E51566}.Debug|Any CPU.Build.0 = Debug|Any CPU
		{05572FE0-4F51-4FCD-8034-2EB9C0E51566}.Debug|x64.ActiveCfg = Debug|x64
		{05572FE0-4F51-4FCD-8034-2EB9C0E51566}.Debug|x64.Build.0 = Debug|x64
		{05572FE0-4F51-4FCD-8034-2EB9C0E51566}.gcmodeller_desktop|Any CPU.ActiveCfg = Rsharp_app_release|Any CPU
		{05572FE0-4F51-4FCD-8034-2EB9C0E51566}.gcmodeller_desktop|x64.ActiveCfg = Rsharp_app_release|x64
		{05572FE0-4F51-4FCD-8034-2EB9C0E51566}.LipidSearch|Any CPU.ActiveCfg = LipidSearch|Any CPU
		{05572FE0-4F51-4FCD-8034-2EB9C0E51566}.LipidSearch|Any CPU.Build.0 = LipidSearch|Any CPU
		{05572FE0-4F51-4FCD-8034-2EB9C0E51566}.LipidSearch|x64.ActiveCfg = LipidSearch|x64
		{05572FE0-4F51-4FCD-8034-2EB9C0E51566}.LipidSearch|x64.Build.0 = LipidSearch|x64
		{05572FE0-4F51-4FCD-8034-2EB9C0E51566}.mzkit_win32|Any CPU.ActiveCfg = mzkit|Any CPU
		{05572FE0-4F51-4FCD-8034-2EB9C0E51566}.mzkit_win32|x64.ActiveCfg = mzkit|x64
		{05572FE0-4F51-4FCD-8034-2EB9C0E51566}.mzkit|Any CPU.ActiveCfg = mzkit|Any CPU
		{05572FE0-4F51-4FCD-8034-2EB9C0E51566}.mzkit|Any CPU.Build.0 = mzkit|Any CPU
		{05572FE0-4F51-4FCD-8034-2EB9C0E51566}.mzkit|x64.ActiveCfg = mzkit|x64
		{05572FE0-4F51-4FCD-8034-2EB9C0E51566}.mzkit|x64.Build.0 = mzkit|x64
		{05572FE0-4F51-4FCD-8034-2EB9C0E51566}.NPSearch|Any CPU.ActiveCfg = NPSearch|Any CPU
		{05572FE0-4F51-4FCD-8034-2EB9C0E51566}.NPSearch|Any CPU.Build.0 = NPSearch|Any CPU
		{05572FE0-4F51-4FCD-8034-2EB9C0E51566}.NPSearch|x64.ActiveCfg = NPSearch|x64
		{05572FE0-4F51-4FCD-8034-2EB9C0E51566}.NPSearch|x64.Build.0 = NPSearch|x64
		{05572FE0-4F51-4FCD-8034-2EB9C0E51566}.PlantMAT|Any CPU.ActiveCfg = PlantMAT|Any CPU
		{05572FE0-4F51-4FCD-8034-2EB9C0E51566}.PlantMAT|Any CPU.Build.0 = PlantMAT|Any CPU
		{05572FE0-4F51-4FCD-8034-2EB9C0E51566}.PlantMAT|x64.ActiveCfg = PlantMAT|x64
		{05572FE0-4F51-4FCD-8034-2EB9C0E51566}.PlantMAT|x64.Build.0 = PlantMAT|x64
		{05572FE0-4F51-4FCD-8034-2EB9C0E51566}.Release|Any CPU.ActiveCfg = Release|Any CPU
		{05572FE0-4F51-4FCD-8034-2EB9C0E51566}.Release|Any CPU.Build.0 = Release|Any CPU
		{05572FE0-4F51-4FCD-8034-2EB9C0E51566}.Release|x64.ActiveCfg = Release|x64
		{05572FE0-4F51-4FCD-8034-2EB9C0E51566}.Release|x64.Build.0 = Release|x64
		{05572FE0-4F51-4FCD-8034-2EB9C0E51566}.Rsharp_app_release|Any CPU.ActiveCfg = Rsharp_app_release|Any CPU
		{05572FE0-4F51-4FCD-8034-2EB9C0E51566}.Rsharp_app_release|Any CPU.Build.0 = Rsharp_app_release|Any CPU
		{05572FE0-4F51-4FCD-8034-2EB9C0E51566}.Rsharp_app_release|x64.ActiveCfg = Rsharp_app_release|x64
		{05572FE0-4F51-4FCD-8034-2EB9C0E51566}.Rsharp_app_release|x64.Build.0 = Rsharp_app_release|x64
		{CE218A7C-261E-4414-8426-13371A362977}.Debug|Any CPU.ActiveCfg = Debug|Any CPU
		{CE218A7C-261E-4414-8426-13371A362977}.Debug|Any CPU.Build.0 = Debug|Any CPU
		{CE218A7C-261E-4414-8426-13371A362977}.Debug|x64.ActiveCfg = Debug|x64
		{CE218A7C-261E-4414-8426-13371A362977}.Debug|x64.Build.0 = Debug|x64
		{CE218A7C-261E-4414-8426-13371A362977}.gcmodeller_desktop|Any CPU.ActiveCfg = Rsharp_app_release|Any CPU
		{CE218A7C-261E-4414-8426-13371A362977}.gcmodeller_desktop|x64.ActiveCfg = Rsharp_app_release|x64
		{CE218A7C-261E-4414-8426-13371A362977}.LipidSearch|Any CPU.ActiveCfg = LipidSearch|Any CPU
		{CE218A7C-261E-4414-8426-13371A362977}.LipidSearch|Any CPU.Build.0 = LipidSearch|Any CPU
		{CE218A7C-261E-4414-8426-13371A362977}.LipidSearch|x64.ActiveCfg = LipidSearch|x64
		{CE218A7C-261E-4414-8426-13371A362977}.LipidSearch|x64.Build.0 = LipidSearch|x64
		{CE218A7C-261E-4414-8426-13371A362977}.mzkit_win32|Any CPU.ActiveCfg = mzkit|Any CPU
		{CE218A7C-261E-4414-8426-13371A362977}.mzkit_win32|x64.ActiveCfg = mzkit|x64
		{CE218A7C-261E-4414-8426-13371A362977}.mzkit|Any CPU.ActiveCfg = mzkit|Any CPU
		{CE218A7C-261E-4414-8426-13371A362977}.mzkit|Any CPU.Build.0 = mzkit|Any CPU
		{CE218A7C-261E-4414-8426-13371A362977}.mzkit|x64.ActiveCfg = mzkit|x64
		{CE218A7C-261E-4414-8426-13371A362977}.mzkit|x64.Build.0 = mzkit|x64
		{CE218A7C-261E-4414-8426-13371A362977}.NPSearch|Any CPU.ActiveCfg = NPSearch|Any CPU
		{CE218A7C-261E-4414-8426-13371A362977}.NPSearch|Any CPU.Build.0 = NPSearch|Any CPU
		{CE218A7C-261E-4414-8426-13371A362977}.NPSearch|x64.ActiveCfg = NPSearch|x64
		{CE218A7C-261E-4414-8426-13371A362977}.NPSearch|x64.Build.0 = NPSearch|x64
		{CE218A7C-261E-4414-8426-13371A362977}.PlantMAT|Any CPU.ActiveCfg = PlantMAT|Any CPU
		{CE218A7C-261E-4414-8426-13371A362977}.PlantMAT|Any CPU.Build.0 = PlantMAT|Any CPU
		{CE218A7C-261E-4414-8426-13371A362977}.PlantMAT|x64.ActiveCfg = PlantMAT|x64
		{CE218A7C-261E-4414-8426-13371A362977}.PlantMAT|x64.Build.0 = PlantMAT|x64
		{CE218A7C-261E-4414-8426-13371A362977}.Release|Any CPU.ActiveCfg = Release|Any CPU
		{CE218A7C-261E-4414-8426-13371A362977}.Release|Any CPU.Build.0 = Release|Any CPU
		{CE218A7C-261E-4414-8426-13371A362977}.Release|x64.ActiveCfg = Release|x64
		{CE218A7C-261E-4414-8426-13371A362977}.Release|x64.Build.0 = Release|x64
		{CE218A7C-261E-4414-8426-13371A362977}.Rsharp_app_release|Any CPU.ActiveCfg = Rsharp_app_release|Any CPU
		{CE218A7C-261E-4414-8426-13371A362977}.Rsharp_app_release|Any CPU.Build.0 = Rsharp_app_release|Any CPU
		{CE218A7C-261E-4414-8426-13371A362977}.Rsharp_app_release|x64.ActiveCfg = Rsharp_app_release|x64
		{CE218A7C-261E-4414-8426-13371A362977}.Rsharp_app_release|x64.Build.0 = Rsharp_app_release|x64
		{02C53945-3446-496B-BEB7-F6C95AA2AB36}.Debug|Any CPU.ActiveCfg = Debug|Any CPU
		{02C53945-3446-496B-BEB7-F6C95AA2AB36}.Debug|Any CPU.Build.0 = Debug|Any CPU
		{02C53945-3446-496B-BEB7-F6C95AA2AB36}.Debug|x64.ActiveCfg = Debug|x64
		{02C53945-3446-496B-BEB7-F6C95AA2AB36}.Debug|x64.Build.0 = Debug|x64
		{02C53945-3446-496B-BEB7-F6C95AA2AB36}.gcmodeller_desktop|Any CPU.ActiveCfg = Rsharp_app_release|Any CPU
		{02C53945-3446-496B-BEB7-F6C95AA2AB36}.gcmodeller_desktop|x64.ActiveCfg = Rsharp_app_release|x64
		{02C53945-3446-496B-BEB7-F6C95AA2AB36}.LipidSearch|Any CPU.ActiveCfg = LipidSearch|Any CPU
		{02C53945-3446-496B-BEB7-F6C95AA2AB36}.LipidSearch|Any CPU.Build.0 = LipidSearch|Any CPU
		{02C53945-3446-496B-BEB7-F6C95AA2AB36}.LipidSearch|x64.ActiveCfg = LipidSearch|x64
		{02C53945-3446-496B-BEB7-F6C95AA2AB36}.LipidSearch|x64.Build.0 = LipidSearch|x64
		{02C53945-3446-496B-BEB7-F6C95AA2AB36}.mzkit_win32|Any CPU.ActiveCfg = mzkit|Any CPU
		{02C53945-3446-496B-BEB7-F6C95AA2AB36}.mzkit_win32|x64.ActiveCfg = mzkit|x64
		{02C53945-3446-496B-BEB7-F6C95AA2AB36}.mzkit|Any CPU.ActiveCfg = mzkit|Any CPU
		{02C53945-3446-496B-BEB7-F6C95AA2AB36}.mzkit|Any CPU.Build.0 = mzkit|Any CPU
		{02C53945-3446-496B-BEB7-F6C95AA2AB36}.mzkit|x64.ActiveCfg = mzkit|x64
		{02C53945-3446-496B-BEB7-F6C95AA2AB36}.mzkit|x64.Build.0 = mzkit|x64
		{02C53945-3446-496B-BEB7-F6C95AA2AB36}.NPSearch|Any CPU.ActiveCfg = NPSearch|Any CPU
		{02C53945-3446-496B-BEB7-F6C95AA2AB36}.NPSearch|Any CPU.Build.0 = NPSearch|Any CPU
		{02C53945-3446-496B-BEB7-F6C95AA2AB36}.NPSearch|x64.ActiveCfg = NPSearch|x64
		{02C53945-3446-496B-BEB7-F6C95AA2AB36}.NPSearch|x64.Build.0 = NPSearch|x64
		{02C53945-3446-496B-BEB7-F6C95AA2AB36}.PlantMAT|Any CPU.ActiveCfg = Debug|Any CPU
		{02C53945-3446-496B-BEB7-F6C95AA2AB36}.PlantMAT|Any CPU.Build.0 = Debug|Any CPU
		{02C53945-3446-496B-BEB7-F6C95AA2AB36}.PlantMAT|x64.ActiveCfg = Debug|x64
		{02C53945-3446-496B-BEB7-F6C95AA2AB36}.PlantMAT|x64.Build.0 = Debug|x64
		{02C53945-3446-496B-BEB7-F6C95AA2AB36}.Release|Any CPU.ActiveCfg = Release|Any CPU
		{02C53945-3446-496B-BEB7-F6C95AA2AB36}.Release|Any CPU.Build.0 = Release|Any CPU
		{02C53945-3446-496B-BEB7-F6C95AA2AB36}.Release|x64.ActiveCfg = Release|x64
		{02C53945-3446-496B-BEB7-F6C95AA2AB36}.Release|x64.Build.0 = Release|x64
		{02C53945-3446-496B-BEB7-F6C95AA2AB36}.Rsharp_app_release|Any CPU.ActiveCfg = Rsharp_app_release|Any CPU
		{02C53945-3446-496B-BEB7-F6C95AA2AB36}.Rsharp_app_release|Any CPU.Build.0 = Rsharp_app_release|Any CPU
		{02C53945-3446-496B-BEB7-F6C95AA2AB36}.Rsharp_app_release|x64.ActiveCfg = Rsharp_app_release|x64
		{02C53945-3446-496B-BEB7-F6C95AA2AB36}.Rsharp_app_release|x64.Build.0 = Rsharp_app_release|x64
		{D736B1B8-2820-40FE-9CE2-BF1F7299056B}.Debug|Any CPU.ActiveCfg = Debug|Any CPU
		{D736B1B8-2820-40FE-9CE2-BF1F7299056B}.Debug|Any CPU.Build.0 = Debug|Any CPU
		{D736B1B8-2820-40FE-9CE2-BF1F7299056B}.Debug|x64.ActiveCfg = Debug|x64
		{D736B1B8-2820-40FE-9CE2-BF1F7299056B}.Debug|x64.Build.0 = Debug|x64
		{D736B1B8-2820-40FE-9CE2-BF1F7299056B}.gcmodeller_desktop|Any CPU.ActiveCfg = gcmodeller_desktop|Any CPU
		{D736B1B8-2820-40FE-9CE2-BF1F7299056B}.gcmodeller_desktop|Any CPU.Build.0 = gcmodeller_desktop|Any CPU
		{D736B1B8-2820-40FE-9CE2-BF1F7299056B}.gcmodeller_desktop|x64.ActiveCfg = gcmodeller_desktop|x64
		{D736B1B8-2820-40FE-9CE2-BF1F7299056B}.gcmodeller_desktop|x64.Build.0 = gcmodeller_desktop|x64
		{D736B1B8-2820-40FE-9CE2-BF1F7299056B}.LipidSearch|Any CPU.ActiveCfg = LipidSearch|Any CPU
		{D736B1B8-2820-40FE-9CE2-BF1F7299056B}.LipidSearch|Any CPU.Build.0 = LipidSearch|Any CPU
		{D736B1B8-2820-40FE-9CE2-BF1F7299056B}.LipidSearch|x64.ActiveCfg = LipidSearch|x64
		{D736B1B8-2820-40FE-9CE2-BF1F7299056B}.LipidSearch|x64.Build.0 = LipidSearch|x64
		{D736B1B8-2820-40FE-9CE2-BF1F7299056B}.mzkit_win32|Any CPU.ActiveCfg = mzkit_win32|Any CPU
		{D736B1B8-2820-40FE-9CE2-BF1F7299056B}.mzkit_win32|Any CPU.Build.0 = mzkit_win32|Any CPU
		{D736B1B8-2820-40FE-9CE2-BF1F7299056B}.mzkit_win32|x64.ActiveCfg = mzkit_win32|x64
		{D736B1B8-2820-40FE-9CE2-BF1F7299056B}.mzkit_win32|x64.Build.0 = mzkit_win32|x64
		{D736B1B8-2820-40FE-9CE2-BF1F7299056B}.mzkit|Any CPU.ActiveCfg = mzkit|Any CPU
		{D736B1B8-2820-40FE-9CE2-BF1F7299056B}.mzkit|Any CPU.Build.0 = mzkit|Any CPU
		{D736B1B8-2820-40FE-9CE2-BF1F7299056B}.mzkit|x64.ActiveCfg = mzkit|x64
		{D736B1B8-2820-40FE-9CE2-BF1F7299056B}.mzkit|x64.Build.0 = mzkit|x64
		{D736B1B8-2820-40FE-9CE2-BF1F7299056B}.NPSearch|Any CPU.ActiveCfg = NPSearch|Any CPU
		{D736B1B8-2820-40FE-9CE2-BF1F7299056B}.NPSearch|Any CPU.Build.0 = NPSearch|Any CPU
		{D736B1B8-2820-40FE-9CE2-BF1F7299056B}.NPSearch|x64.ActiveCfg = NPSearch|x64
		{D736B1B8-2820-40FE-9CE2-BF1F7299056B}.NPSearch|x64.Build.0 = NPSearch|x64
		{D736B1B8-2820-40FE-9CE2-BF1F7299056B}.PlantMAT|Any CPU.ActiveCfg = PlantMAT|Any CPU
		{D736B1B8-2820-40FE-9CE2-BF1F7299056B}.PlantMAT|Any CPU.Build.0 = PlantMAT|Any CPU
		{D736B1B8-2820-40FE-9CE2-BF1F7299056B}.PlantMAT|x64.ActiveCfg = PlantMAT|x64
		{D736B1B8-2820-40FE-9CE2-BF1F7299056B}.PlantMAT|x64.Build.0 = PlantMAT|x64
		{D736B1B8-2820-40FE-9CE2-BF1F7299056B}.Release|Any CPU.ActiveCfg = Release|Any CPU
		{D736B1B8-2820-40FE-9CE2-BF1F7299056B}.Release|Any CPU.Build.0 = Release|Any CPU
		{D736B1B8-2820-40FE-9CE2-BF1F7299056B}.Release|x64.ActiveCfg = Release|x64
		{D736B1B8-2820-40FE-9CE2-BF1F7299056B}.Release|x64.Build.0 = Release|x64
		{D736B1B8-2820-40FE-9CE2-BF1F7299056B}.Rsharp_app_release|Any CPU.ActiveCfg = Rsharp_app_release|Any CPU
		{D736B1B8-2820-40FE-9CE2-BF1F7299056B}.Rsharp_app_release|Any CPU.Build.0 = Rsharp_app_release|Any CPU
		{D736B1B8-2820-40FE-9CE2-BF1F7299056B}.Rsharp_app_release|x64.ActiveCfg = Rsharp_app_release|x64
		{D736B1B8-2820-40FE-9CE2-BF1F7299056B}.Rsharp_app_release|x64.Build.0 = Rsharp_app_release|x64
	EndGlobalSection
	GlobalSection(SolutionProperties) = preSolution
		HideSolutionNode = FALSE
	EndGlobalSection
	GlobalSection(NestedProjects) = preSolution
		{45581149-A828-4407-A032-8ED4F1665280} = {D462C44F-7818-4E18-8DE1-6D2DDD38AE23}
		{5DB96BF5-CEF0-43DA-A0A3-7EA26E124F4B} = {D462C44F-7818-4E18-8DE1-6D2DDD38AE23}
		{AF425AF7-FE9C-48EA-BA2D-A586C914137F} = {D462C44F-7818-4E18-8DE1-6D2DDD38AE23}
		{C56D50B7-C108-4501-9952-79D53CBEB109} = {45581149-A828-4407-A032-8ED4F1665280}
		{3423C268-1BA6-4809-922E-82EE66A21C18} = {45581149-A828-4407-A032-8ED4F1665280}
		{591A99EE-9482-40BF-BD4C-77DAF654A68F} = {45581149-A828-4407-A032-8ED4F1665280}
		{AF16A6DD-A9DA-4108-9436-0EAFD8EB27D5} = {45581149-A828-4407-A032-8ED4F1665280}
		{05572FE0-4F51-4FCD-8034-2EB9C0E51566} = {D462C44F-7818-4E18-8DE1-6D2DDD38AE23}
		{CE218A7C-261E-4414-8426-13371A362977} = {D462C44F-7818-4E18-8DE1-6D2DDD38AE23}
		{02C53945-3446-496B-BEB7-F6C95AA2AB36} = {45581149-A828-4407-A032-8ED4F1665280}
		{D736B1B8-2820-40FE-9CE2-BF1F7299056B} = {D462C44F-7818-4E18-8DE1-6D2DDD38AE23}
	EndGlobalSection
	GlobalSection(ExtensibilityGlobals) = postSolution
		SolutionGuid = {C6542F2D-EF6F-48AE-AA45-50484899DC7D}
	EndGlobalSection
EndGlobal
